--- 
hash: 1f2f1a01950a8f7a694c8ff9b5a5110a692afbcd
sources: 
- Rubygems: 
    uri: http://gemcutter.org
specs: 
- rake: 
    version: 0.8.7
- abstract: 
    version: 1.0.0
- activesupport: 
    version: 2.3.5
- rack: 
    version: 1.0.1
- actionpack: 
    version: 2.3.5
- actionmailer: 
    version: 2.3.5
- activerecord: 
    version: 2.3.5
- activeresource: 
    version: 2.3.5
- json_pure: 
    version: 1.2.3
- gemcutter: 
    version: 0.5.0
- rubyforge: 
    version: 2.0.4
- hoe: 
    version: 2.5.0
- chronic: 
    version: 0.2.3
- drydock: 
    version: 0.6.9
- erubis: 
    version: 2.6.5
- geokit: 
    version: 1.5.0
- highline: 
    version: 1.5.2
- hpricot: 
    version: 0.8.2
- jberkel-mysql-ruby: 
    version: 2.8.1
- jrails: 
    version: 0.6.0
- nokogiri: 
    version: 1.4.1
- mechanize: 
    version: 1.0.0
- memcached: 
    version: 0.19.2
- net-ssh: 
    version: 2.0.21
- net-scp: 
    version: 1.0.2
- paperclip: 
    version: 2.3.1.1
- rails: 
    version: 2.3.5
- russian: 
    version: 0.2.6
- storable: 
    version: 0.6.5
- sysinfo: 
    version: 0.7.3
- rye: 
    version: 0.8.14
- unichars: 
    version: "0.5"
- whenever: 
    version: 0.4.1
- will_paginate: 
    version: 2.3.12
dependencies: 
  rails: 
    version: ~> 2.3.5
    group: 
    - :default
  unichars: 
    version: ">= 0"
    group: 
    - :default
  erubis: 
    version: ">= 0"
    group: 
    - :default
  whenever: 
    version: ">= 0"
    group: 
    - :default
  hpricot: 
    version: ">= 0"
    group: 
    - :default
  will_paginate: 
    version: ">= 0"
    group: 
    - :default
  geokit: 
    version: ">= 0"
    group: 
    - :default
  paperclip: 
    version: ">= 0"
    group: 
    - :default
  russian: 
    version: ">= 0"
    group: 
    - :default
  rack: 
    version: ">= 0"
    group: 
    - :default
  jberkel-mysql-ruby: 
    version: ">= 0"
    group: 
    - :default
  jrails: 
    version: ">= 0"
    group: 
    - :default
  mechanize: 
    version: ">= 0"
    group: 
    - :default
  rye: 
    version: ">= 0"
    group: 
    - :default
  memcached: 
    version: ">= 0"
    group: 
    - :default
